// !$*UTF8*$!
{
	archiveVersion = 1;
	classes = {
	};
	objectVersion = 77;
	objects = {

/* Begin PBXContainerItemProxy section */
		47C63FBB2D01F1A9002413CC /* PBXContainerItemProxy */ = {
			isa = PBXContainerItemProxy;
			containerPortal = 47C63F9C2D01F1A7002413CC /* Project object */;
			proxyType = 1;
			remoteGlobalIDString = 47C63FA32D01F1A7002413CC;
			remoteInfo = API_MVVM_architecture;
		};
		47C63FC52D01F1A9002413CC /* PBXContainerItemProxy */ = {
			isa = PBXContainerItemProxy;
			containerPortal = 47C63F9C2D01F1A7002413CC /* Project object */;
			proxyType = 1;
			remoteGlobalIDString = 47C63FA32D01F1A7002413CC;
			remoteInfo = API_MVVM_architecture;
		};
/* End PBXContainerItemProxy section */

/* Begin PBXFileReference section */
		47C63FA42D01F1A7002413CC /* API_MVVM_architecture.app */ = {isa = PBXFileReference; explicitFileType = wrapper.application; includeInIndex = 0; path = API_MVVM_architecture.app; sourceTree = BUILT_PRODUCTS_DIR; };
		47C63FBA2D01F1A9002413CC /* API_MVVM_architectureTests.xctest */ = {isa = PBXFileReference; explicitFileType = wrapper.cfbundle; includeInIndex = 0; path = API_MVVM_architectureTests.xctest; sourceTree = BUILT_PRODUCTS_DIR; };
		47C63FC42D01F1A9002413CC /* API_MVVM_architectureUITests.xctest */ = {isa = PBXFileReference; explicitFileType = wrapper.cfbundle; includeInIndex = 0; path = API_MVVM_architectureUITests.xctest; sourceTree = BUILT_PRODUCTS_DIR; };
/* End PBXFileReference section */

/* Begin PBXFileSystemSynchronizedBuildFileExceptionSet section */
		47C63FCC2D01F1A9002413CC /* Exceptions for "API_MVVM_architecture" folder in "API_MVVM_architecture" target */ = {
			isa = PBXFileSystemSynchronizedBuildFileExceptionSet;
			membershipExceptions = (
				Info.plist,
			);
			target = 47C63FA32D01F1A7002413CC /* API_MVVM_architecture */;
		};
/* End PBXFileSystemSynchronizedBuildFileExceptionSet section */

/* Begin PBXFileSystemSynchronizedRootGroup section */
		47C63FA62D01F1A7002413CC /* API_MVVM_architecture */ = {
			isa = PBXFileSystemSynchronizedRootGroup;
			exceptions = (
				47C63FCC2D01F1A9002413CC /* Exceptions for "API_MVVM_architecture" folder in "API_MVVM_architecture" target */,
			);
			path = API_MVVM_architecture;
			sourceTree = "<group>";
		};
		47C63FBD2D01F1A9002413CC /* API_MVVM_architectureTests */ = {
			isa = PBXFileSystemSynchronizedRootGroup;
			path = API_MVVM_architectureTests;
			sourceTree = "<group>";
		};
		47C63FC72D01F1A9002413CC /* API_MVVM_architectureUITests */ = {
			isa = PBXFileSystemSynchronizedRootGroup;
			path = API_MVVM_architectureUITests;
			sourceTree = "<group>";
		};
/* End PBXFileSystemSynchronizedRootGroup section */

/* Begin PBXFrameworksBuildPhase section */
		47C63FA12D01F1A7002413CC /* Frameworks */ = {
			isa = PBXFrameworksBuildPhase;
			buildActionMask = 2147483647;
			files = (
			);
			runOnlyForDeploymentPostprocessing = 0;
		};
		47C63FB72D01F1A9002413CC /* Frameworks */ = {
			isa = PBXFrameworksBuildPhase;
			buildActionMask = 2147483647;
			files = (
			);
			runOnlyForDeploymentPostprocessing = 0;
		};
		47C63FC12D01F1A9002413CC /* Frameworks */ = {
			isa = PBXFrameworksBuildPhase;
			buildActionMask = 2147483647;
			files = (
			);
			runOnlyForDeploymentPostprocessing = 0;
		};
/* End PBXFrameworksBuildPhase section */

/* Begin PBXGroup section */
		47C63F9B2D01F1A7002413CC = {
			isa = PBXGroup;
			children = (
				47C63FA62D01F1A7002413CC /* API_MVVM_architecture */,
				47C63FBD2D01F1A9002413CC /* API_MVVM_architectureTests */,
				47C63FC72D01F1A9002413CC /* API_MVVM_architectureUITests */,
				47C63FA52D01F1A7002413CC /* Products */,
			);
			sourceTree = "<group>";
		};
		47C63FA52D01F1A7002413CC /* Products */ = {
			isa = PBXGroup;
			children = (
				47C63FA42D01F1A7002413CC /* API_MVVM_architecture.app */,
				47C63FBA2D01F1A9002413CC /* API_MVVM_architectureTests.xctest */,
				47C63FC42D01F1A9002413CC /* API_MVVM_architectureUITests.xctest */,
			);
			name = Products;
			sourceTree = "<group>";
		};
/* End PBXGroup section */

/* Begin PBXNativeTarget section */
		47C63FA32D01F1A7002413CC /* API_MVVM_architecture */ = {
			isa = PBXNativeTarget;
			buildConfigurationList = 47C63FCD2D01F1A9002413CC /* Build configuration list for PBXNativeTarget "API_MVVM_architecture" */;
			buildPhases = (
				47C63FA02D01F1A7002413CC /* Sources */,
				47C63FA12D01F1A7002413CC /* Frameworks */,
				47C63FA22D01F1A7002413CC /* Resources */,
			);
			buildRules = (
			);
			dependencies = (
			);
			fileSystemSynchronizedGroups = (
				47C63FA62D01F1A7002413CC /* API_MVVM_architecture */,
			);
			name = API_MVVM_architecture;
			packageProductDependencies = (
			);
			productName = API_MVVM_architecture;
			productReference = 47C63FA42D01F1A7002413CC /* API_MVVM_architecture.app */;
			productType = "com.apple.product-type.application";
		};
		47C63FB92D01F1A9002413CC /* API_MVVM_architectureTests */ = {
			isa = PBXNativeTarget;
			buildConfigurationList = 47C63FD22D01F1A9002413CC /* Build configuration list for PBXNativeTarget "API_MVVM_architectureTests" */;
			buildPhases = (
				47C63FB62D01F1A9002413CC /* Sources */,
				47C63FB72D01F1A9002413CC /* Frameworks */,
				47C63FB82D01F1A9002413CC /* Resources */,
			);
			buildRules = (
			);
			dependencies = (
				47C63FBC2D01F1A9002413CC /* PBXTargetDependency */,
			);
			fileSystemSynchronizedGroups = (
				47C63FBD2D01F1A9002413CC /* API_MVVM_architectureTests */,
			);
			name = API_MVVM_architectureTests;
			packageProductDependencies = (
			);
			productName = API_MVVM_architectureTests;
			productReference = 47C63FBA2D01F1A9002413CC /* API_MVVM_architectureTests.xctest */;
			productType = "com.apple.product-type.bundle.unit-test";
		};
		47C63FC32D01F1A9002413CC /* API_MVVM_architectureUITests */ = {
			isa = PBXNativeTarget;
			buildConfigurationList = 47C63FD52D01F1A9002413CC /* Build configuration list for PBXNativeTarget "API_MVVM_architectureUITests" */;
			buildPhases = (
				47C63FC02D01F1A9002413CC /* Sources */,
				47C63FC12D01F1A9002413CC /* Frameworks */,
				47C63FC22D01F1A9002413CC /* Resources */,
			);
			buildRules = (
			);
			dependencies = (
				47C63FC62D01F1A9002413CC /* PBXTargetDependency */,
			);
			fileSystemSynchronizedGroups = (
				47C63FC72D01F1A9002413CC /* API_MVVM_architectureUITests */,
			);
			name = API_MVVM_architectureUITests;
			packageProductDependencies = (
			);
			productName = API_MVVM_architectureUITests;
			productReference = 47C63FC42D01F1A9002413CC /* API_MVVM_architectureUITests.xctest */;
			productType = "com.apple.product-type.bundle.ui-testing";
		};
/* End PBXNativeTarget section */

/* Begin PBXProject section */
		47C63F9C2D01F1A7002413CC /* Project object */ = {
			isa = PBXProject;
			attributes = {
				BuildIndependentTargetsInParallel = 1;
				LastSwiftUpdateCheck = 1610;
				LastUpgradeCheck = 1610;
				TargetAttributes = {
					47C63FA32D01F1A7002413CC = {
						CreatedOnToolsVersion = 16.1;
					};
					47C63FB92D01F1A9002413CC = {
						CreatedOnToolsVersion = 16.1;
						TestTargetID = 47C63FA32D01F1A7002413CC;
					};
					47C63FC32D01F1A9002413CC = {
						CreatedOnToolsVersion = 16.1;
						TestTargetID = 47C63FA32D01F1A7002413CC;
					};
				};
			};
			buildConfigurationList = 47C63F9F2D01F1A7002413CC /* Build configuration list for PBXProject "API_MVVM_architecture" */;
			developmentRegion = en;
			hasScannedForEncodings = 0;
			knownRegions = (
				en,
				Base,
			);
			mainGroup = 47C63F9B2D01F1A7002413CC;
			minimizedProjectReferenceProxies = 1;
			preferredProjectObjectVersion = 77;
			productRefGroup = 47C63FA52D01F1A7002413CC /* Products */;
			projectDirPath = "";
			projectRoot = "";
			targets = (
				47C63FA32D01F1A7002413CC /* API_MVVM_architecture */,
				47C63FB92D01F1A9002413CC /* API_MVVM_architectureTests */,
				47C63FC32D01F1A9002413CC /* API_MVVM_architectureUITests */,
			);
		};
/* End PBXProject section */

/* Begin PBXResourcesBuildPhase section */
		47C63FA22D01F1A7002413CC /* Resources */ = {
			isa = PBXResourcesBuildPhase;
			buildActionMask = 2147483647;
			files = (
			);
			runOnlyForDeploymentPostprocessing = 0;
		};
		47C63FB82D01F1A9002413CC /* Resources */ = {
			isa = PBXResourcesBuildPhase;
			buildActionMask = 2147483647;
			files = (
			);
			runOnlyForDeploymentPostprocessing = 0;
		};
		47C63FC22D01F1A9002413CC /* Resources */ = {
			isa = PBXResourcesBuildPhase;
			buildActionMask = 2147483647;
			files = (
			);
			runOnlyForDeploymentPostprocessing = 0;
		};
/* End PBXResourcesBuildPhase section */

/* Begin PBXSourcesBuildPhase section */
		47C63FA02D01F1A7002413CC /* Sources */ = {
			isa = PBXSourcesBuildPhase;
			buildActionMask = 2147483647;
			files = (
			);
			runOnlyForDeploymentPostprocessing = 0;
		};
		47C63FB62D01F1A9002413CC /* Sources */ = {
			isa = PBXSourcesBuildPhase;
			buildActionMask = 2147483647;
			files = (
			);
			runOnlyForDeploymentPostprocessing = 0;
		};
		47C63FC02D01F1A9002413CC /* Sources */ = {
			isa = PBXSourcesBuildPhase;
			buildActionMask = 2147483647;
			files = (
			);
			runOnlyForDeploymentPostprocessing = 0;
		};
/* End PBXSourcesBuildPhase section */

/* Begin PBXTargetDependency section */
		47C63FBC2D01F1A9002413CC /* PBXTargetDependency */ = {
			isa = PBXTargetDependency;
			target = 47C63FA32D01F1A7002413CC /* API_MVVM_architecture */;
			targetProxy = 47C63FBB2D01F1A9002413CC /* PBXContainerItemProxy */;
		};
		47C63FC62D01F1A9002413CC /* PBXTargetDependency */ = {
			isa = PBXTargetDependency;
			target = 47C63FA32D01F1A7002413CC /* API_MVVM_architecture */;
			targetProxy = 47C63FC52D01F1A9002413CC /* PBXContainerItemProxy */;
		};
/* End PBXTargetDependency section */

/* Begin XCBuildConfiguration section */
		47C63FCE2D01F1A9002413CC /* Debug */ = {
			isa = XCBuildConfiguration;
			buildSettings = {
				ASSETCATALOG_COMPILER_APPICON_NAME = AppIcon;
				ASSETCATALOG_COMPILER_GLOBAL_ACCENT_COLOR_NAME = AccentColor;
				CODE_SIGN_STYLE = Automatic;
				CURRENT_PROJECT_VERSION = 1;
				GENERATE_INFOPLIST_FILE = YES;
				INFOPLIST_FILE = API_MVVM_architecture/Info.plist;
				INFOPLIST_KEY_UIApplicationSupportsIndirectInputEvents = YES;
				INFOPLIST_KEY_UILaunchStoryboardName = LaunchScreen;
				INFOPLIST_KEY_UIMainStoryboardFile = Main;
				INFOPLIST_KEY_UISupportedInterfaceOrientations_iPad = "UIInterfaceOrientationPortrait UIInterfaceOrientationPortraitUpsideDown UIInterfaceOrientationLandscapeLeft UIInterfaceOrientationLandscapeRight";
				INFOPLIST_KEY_UISupportedInterfaceOrientations_iPhone = "UIInterfaceOrientationPortrait UIInterfaceOrientationLandscapeLeft UIInterfaceOrientationLandscapeRight";
				LD_RUNPATH_SEARCH_PATHS = (
					"$(inherited)",
					"@executable_path/Frameworks",
				);
				MARKETING_VERSION = 1.0;
				PRODUCT_BUNDLE_IDENTIFIER = "com.anusha.us.develop.API-MVVM-architecture";
				PRODUCT_NAME = "$(TARGET_NAME)";
				SWIFT_EMIT_LOC_STRINGS = YES;
				SWIFT_VERSION = 5.0;
				TARGETED_DEVICE_FAMILY = "1,2";
			};
			name = Debug;
		};
		47C63FCF2D01F1A9002413CC /* Release */ = {
			isa = XCBuildConfiguration;
			buildSettings = {
				ASSETCATALOG_COMPILER_APPICON_NAME = AppIcon;
				ASSETCATALOG_COMPILER_GLOBAL_ACCENT_COLOR_NAME = AccentColor;
				CODE_SIGN_STYLE = Automatic;
				CURRENT_PROJECT_VERSION = 1;
				GENERATE_INFOPLIST_FILE = YES;
				INFOPLIST_FILE = API_MVVM_architecture/Info.plist;
				INFOPLIST_KEY_UIApplicationSupportsIndirectInputEvents = YES;
				INFOPLIST_KEY_UILaunchStoryboardName = LaunchScreen;
				INFOPLIST_KEY_UIMainStoryboardFile = Main;
				INFOPLIST_KEY_UISupportedInterfaceOrientations_iPad = "UIInterfaceOrientationPortrait UIInterfaceOrientationPortraitUpsideDown UIInterfaceOrientationLandscapeLeft UIInterfaceOrientationLandscapeRight";
				INFOPLIST_KEY_UISupportedInterfaceOrientations_iPhone = "UIInterfaceOrientationPortrait UIInterfaceOrientationLandscapeLeft UIInterfaceOrientationLandscapeRight";
				LD_RUNPATH_SEARCH_PATHS = (
					"$(inherited)",
					"@executable_path/Frameworks",
				);
				MARKETING_VERSION = 1.0;
				PRODUCT_BUNDLE_IDENTIFIER = "com.anusha.us.develop.API-MVVM-architecture";
				PRODUCT_NAME = "$(TARGET_NAME)";
				SWIFT_EMIT_LOC_STRINGS = YES;
				SWIFT_VERSION = 5.0;
				TARGETED_DEVICE_FAMILY = "1,2";
			};
			name = Release;
		};
		47C63FD02D01F1A9002413CC /* Debug */ = {
			isa = XCBuildConfiguration;
			buildSettings = {
				ALWAYS_SEARCH_USER_PATHS = NO;
				ASSETCATALOG_COMPILER_GENERATE_SWIFT_ASSET_SYMBOL_EXTENSIONS = YES;
				CLANG_ANALYZER_NONNULL = YES;
				CLANG_ANALYZER_NUMBER_OBJECT_CONVERSION = YES_AGGRESSIVE;
				CLANG_CXX_LANGUAGE_STANDARD = "gnu++20";
				CLANG_ENABLE_MODULES = YES;
				CLANG_ENABLE_OBJC_ARC = YES;
				CLANG_ENABLE_OBJC_WEAK = YES;
				CLANG_WARN_BLOCK_CAPTURE_AUTORELEASING = YES;
				CLANG_WARN_BOOL_CONVERSION = YES;
				CLANG_WARN_COMMA = YES;
				CLANG_WARN_CONSTANT_CONVERSION = YES;
				CLANG_WARN_DEPRECATED_OBJC_IMPLEMENTATIONS = YES;
				CLANG_WARN_DIRECT_OBJC_ISA_USAGE = YES_ERROR;
				CLANG_WARN_DOCUMENTATION_COMMENTS = YES;
				CLANG_WARN_EMPTY_BODY = YES;
				CLANG_WARN_ENUM_CONVERSION = YES;
				CLANG_WARN_INFINITE_RECURSION = YES;
				CLANG_WARN_INT_CONVERSION = YES;
				CLANG_WARN_NON_LITERAL_NULL_CONVERSION = YES;
				CLANG_WARN_OBJC_IMPLICIT_RETAIN_SELF = YES;
				CLANG_WARN_OBJC_LITERAL_CONVERSION = YES;
				CLANG_WARN_OBJC_ROOT_CLASS = YES_ERROR;
				CLANG_WARN_QUOTED_INCLUDE_IN_FRAMEWORK_HEADER = YES;
				CLANG_WARN_RANGE_LOOP_ANALYSIS = YES;
				CLANG_WARN_STRICT_PROTOTYPES = YES;
				CLANG_WARN_SUSPICIOUS_MOVE = YES;
				CLANG_WARN_UNGUARDED_AVAILABILITY = YES_AGGRESSIVE;
				CLANG_WARN_UNREACHABLE_CODE = YES;
				CLANG_WARN__DUPLICATE_METHOD_MATCH = YES;
				COPY_PHASE_STRIP = NO;
				DEBUG_INFORMATION_FORMAT = dwarf;
				ENABLE_STRICT_OBJC_MSGSEND = YES;
				ENABLE_TESTABILITY = YES;
				ENABLE_USER_SCRIPT_SANDBOXING = YES;
				GCC_C_LANGUAGE_STANDARD = gnu17;
				GCC_DYNAMIC_NO_PIC = NO;
				GCC_NO_COMMON_BLOCKS = YES;
				GCC_OPTIMIZATION_LEVEL = 0;
				GCC_PREPROCESSOR_DEFINITIONS = (
					"DEBUG=1",
					"$(inherited)",
				);
				GCC_WARN_64_TO_32_BIT_CONVERSION = YES;
				GCC_WARN_ABOUT_RETURN_TYPE = YES_ERROR;
				GCC_WARN_UNDECLARED_SELECTOR = YES;
				GCC_WARN_UNINITIALIZED_AUTOS = YES_AGGRESSIVE;
				GCC_WARN_UNUSED_FUNCTION = YES;
				GCC_WARN_UNUSED_VARIABLE = YES;
				IPHONEOS_DEPLOYMENT_TARGET = 18.1;
				LOCALIZATION_PREFERS_STRING_CATALOGS = YES;
				MTL_ENABLE_DEBUG_INFO = INCLUDE_SOURCE;
				MTL_FAST_MATH = YES;
				ONLY_ACTIVE_ARCH = YES;
				SDKROOT = iphoneos;
				SWIFT_ACTIVE_COMPILATION_CONDITIONS = "DEBUG $(inherited)";
				SWIFT_OPTIMIZATION_LEVEL = "-Onone";
			};
			name = Debug;
		};
		47C63FD12D01F1A9002413CC /* Release */ = {
			isa = XCBuildConfiguration;
			buildSettings = {
				ALWAYS_SEARCH_USER_PATHS = NO;
				ASSETCATALOG_COMPILER_GENERATE_SWIFT_ASSET_SYMBOL_EXTENSIONS = YES;
				CLANG_ANALYZER_NONNULL = YES;
				CLANG_ANALYZER_NUMBER_OBJECT_CONVERSION = YES_AGGRESSIVE;
				CLANG_CXX_LANGUAGE_STANDARD = "gnu++20";
				CLANG_ENABLE_MODULES = YES;
				CLANG_ENABLE_OBJC_ARC = YES;
				CLANG_ENABLE_OBJC_WEAK = YES;
				CLANG_WARN_BLOCK_CAPTURE_AUTORELEASING = YES;
				CLANG_WARN_BOOL_CONVERSION = YES;
				CLANG_WARN_COMMA = YES;
				CLANG_WARN_CONSTANT_CONVERSION = YES;
				CLANG_WARN_DEPRECATED_OBJC_IMPLEMENTATIONS = YES;
				CLANG_WARN_DIRECT_OBJC_ISA_USAGE = YES_ERROR;
				CLANG_WARN_DOCUMENTATION_COMMENTS = YES;
				CLANG_WARN_EMPTY_BODY = YES;
				CLANG_WARN_ENUM_CONVERSION = YES;
				CLANG_WARN_INFINITE_RECURSION = YES;
				CLANG_WARN_INT_CONVERSION = YES;
				CLANG_WARN_NON_LITERAL_NULL_CONVERSION = YES;
				CLANG_WARN_OBJC_IMPLICIT_RETAIN_SELF = YES;
				CLANG_WARN_OBJC_LITERAL_CONVERSION = YES;
				CLANG_WARN_OBJC_ROOT_CLASS = YES_ERROR;
				CLANG_WARN_QUOTED_INCLUDE_IN_FRAMEWORK_HEADER = YES;
				CLANG_WARN_RANGE_LOOP_ANALYSIS = YES;
				CLANG_WARN_STRICT_PROTOTYPES = YES;
				CLANG_WARN_SUSPICIOUS_MOVE = YES;
				CLANG_WARN_UNGUARDED_AVAILABILITY = YES_AGGRESSIVE;
				CLANG_WARN_UNREACHABLE_CODE = YES;
				CLANG_WARN__DUPLICATE_METHOD_MATCH = YES;
				COPY_PHASE_STRIP = NO;
				DEBUG_INFORMATION_FORMAT = "dwarf-with-dsym";
				ENABLE_NS_ASSERTIONS = NO;
				ENABLE_STRICT_OBJC_MSGSEND = YES;
				ENABLE_USER_SCRIPT_SANDBOXING = YES;
				GCC_C_LANGUAGE_STANDARD = gnu17;
				GCC_NO_COMMON_BLOCKS = YES;
				GCC_WARN_64_TO_32_BIT_CONVERSION = YES;
				GCC_WARN_ABOUT_RETURN_TYPE = YES_ERROR;
				GCC_WARN_UNDECLARED_SELECTOR = YES;
				GCC_WARN_UNINITIALIZED_AUTOS = YES_AGGRESSIVE;
				GCC_WARN_UNUSED_FUNCTION = YES;
				GCC_WARN_UNUSED_VARIABLE = YES;
				IPHONEOS_DEPLOYMENT_TARGET = 18.1;
				LOCALIZATION_PREFERS_STRING_CATALOGS = YES;
				MTL_ENABLE_DEBUG_INFO = NO;
				MTL_FAST_MATH = YES;
				SDKROOT = iphoneos;
				SWIFT_COMPILATION_MODE = wholemodule;
				VALIDATE_PRODUCT = YES;
			};
			name = Release;
		};
		47C63FD32D01F1A9002413CC /* Debug */ = {
			isa = XCBuildConfiguration;
			buildSettings = {
				BUNDLE_LOADER = "$(TEST_HOST)";
				CODE_SIGN_STYLE = Automatic;
				CURRENT_PROJECT_VERSION = 1;
				GENERATE_INFOPLIST_FILE = YES;
				IPHONEOS_DEPLOYMENT_TARGET = 18.1;
				MARKETING_VERSION = 1.0;
				PRODUCT_BUNDLE_IDENTIFIER = "com.anusha.us.develop.API-MVVM-architectureTests";
				PRODUCT_NAME = "$(TARGET_NAME)";
				SWIFT_EMIT_LOC_STRINGS = NO;
				SWIFT_VERSION = 5.0;
				TARGETED_DEVICE_FAMILY = "1,2";
				TEST_HOST = "$(BUILT_PRODUCTS_DIR)/API_MVVM_architecture.app/$(BUNDLE_EXECUTABLE_FOLDER_PATH)/API_MVVM_architecture";
			};
			name = Debug;
		};
		47C63FD42D01F1A9002413CC /* Release */ = {
			isa = XCBuildConfiguration;
			buildSettings = {
				BUNDLE_LOADER = "$(TEST_HOST)";
				CODE_SIGN_STYLE = Automatic;
				CURRENT_PROJECT_VERSION = 1;
				GENERATE_INFOPLIST_FILE = YES;
				IPHONEOS_DEPLOYMENT_TARGET = 18.1;
				MARKETING_VERSION = 1.0;
				PRODUCT_BUNDLE_IDENTIFIER = "com.anusha.us.develop.API-MVVM-architectureTests";
				PRODUCT_NAME = "$(TARGET_NAME)";
				SWIFT_EMIT_LOC_STRINGS = NO;
				SWIFT_VERSION = 5.0;
				TARGETED_DEVICE_FAMILY = "1,2";
				TEST_HOST = "$(BUILT_PRODUCTS_DIR)/API_MVVM_architecture.app/$(BUNDLE_EXECUTABLE_FOLDER_PATH)/API_MVVM_architecture";
			};
			name = Release;
		};
		47C63FD62D01F1A9002413CC /* Debug */ = {
			isa = XCBuildConfiguration;
			buildSettings = {
				CODE_SIGN_STYLE = Automatic;
				CURRENT_PROJECT_VERSION = 1;
				GENERATE_INFOPLIST_FILE = YES;
				MARKETING_VERSION = 1.0;
				PRODUCT_BUNDLE_IDENTIFIER = "com.anusha.us.develop.API-MVVM-architectureUITests";
				PRODUCT_NAME = "$(TARGET_NAME)";
				SWIFT_EMIT_LOC_STRINGS = NO;
				SWIFT_VERSION = 5.0;
				TARGETED_DEVICE_FAMILY = "1,2";
				TEST_TARGET_NAME = API_MVVM_architecture;
			};
			name = Debug;
		};
		47C63FD72D01F1A9002413CC /* Release */ = {
			isa = XCBuildConfiguration;
			buildSettings = {
				CODE_SIGN_STYLE = Automatic;
				CURRENT_PROJECT_VERSION = 1;
				GENERATE_INFOPLIST_FILE = YES;
				MARKETING_VERSION = 1.0;
				PRODUCT_BUNDLE_IDENTIFIER = "com.anusha.us.develop.API-MVVM-architectureUITests";
				PRODUCT_NAME = "$(TARGET_NAME)";
				SWIFT_EMIT_LOC_STRINGS = NO;
				SWIFT_VERSION = 5.0;
				TARGETED_DEVICE_FAMILY = "1,2";
				TEST_TARGET_NAME = API_MVVM_architecture;
			};
			name = Release;
		};
/* End XCBuildConfiguration section */

/* Begin XCConfigurationList section */
		47C63F9F2D01F1A7002413CC /* Build configuration list for PBXProject "API_MVVM_architecture" */ = {
			isa = XCConfigurationList;
			buildConfigurations = (
				47C63FD02D01F1A9002413CC /* Debug */,
				47C63FD12D01F1A9002413CC /* Release */,
			);
			defaultConfigurationIsVisible = 0;
			defaultConfigurationName = Release;
		};
		47C63FCD2D01F1A9002413CC /* Build configuration list for PBXNativeTarget "API_MVVM_architecture" */ = {
			isa = XCConfigurationList;
			buildConfigurations = (
				47C63FCE2D01F1A9002413CC /* Debug */,
				47C63FCF2D01F1A9002413CC /* Release */,
			);
			defaultConfigurationIsVisible = 0;
			defaultConfigurationName = Release;
		};
		47C63FD22D01F1A9002413CC /* Build configuration list for PBXNativeTarget "API_MVVM_architectureTests" */ = {
			isa = XCConfigurationList;
			buildConfigurations = (
				47C63FD32D01F1A9002413CC /* Debug */,
				47C63FD42D01F1A9002413CC /* Release */,
			);
			defaultConfigurationIsVisible = 0;
			defaultConfigurationName = Release;
		};
		47C63FD52D01F1A9002413CC /* Build configuration list for PBXNativeTarget "API_MVVM_architectureUITests" */ = {
			isa = XCConfigurationList;
			buildConfigurations = (
				47C63FD62D01F1A9002413CC /* Debug */,
				47C63FD72D01F1A9002413CC /* Release */,
			);
			defaultConfigurationIsVisible = 0;
			defaultConfigurationName = Release;
		};
/* End XCConfigurationList section */
	};
	rootObject = 47C63F9C2D01F1A7002413CC /* Project object */;
}
